
Microsoft Visual Studio Solution File, Format Version 12.00
# Visual Studio Version 16
VisualStudioVersion = 16.0.29306.81
MinimumVisualStudioVersion = 10.0.40219.1
Project("{FAE04EC0-301F-11D3-BF4B-00C04F79EFBC}") = "Basketball_Matches", "Basketball_Matches.csproj", "{248B7E93-E18A-4092-B65E-898664F6E7C2}"
EndProject
Global
	GlobalSection(SolutionConfigurationPlatforms) = preSolution
		Debug|Any CPU = Debug|Any CPU
		Release|Any CPU = Release|Any CPU
	EndGlobalSection
	GlobalSection(ProjectConfigurationPlatforms) = postSolution
		{248B7E93-E18A-4092-B65E-898664F6E7C2}.Debug|Any CPU.ActiveCfg = Debug|Any CPU
		{248B7E93-E18A-4092-B65E-898664F6E7C2}.Debug|Any CPU.Build.0 = Debug|Any CPU
		{248B7E93-E18A-4092-B65E-898664F6E7C2}.Release|Any CPU.ActiveCfg = Release|Any CPU
		{248B7E93-E18A-4092-B65E-898664F6E7C2}.Release|Any CPU.Build.0 = Release|Any CPU
	EndGlobalSection
	GlobalSection(SolutionProperties) = preSolution
		HideSolutionNode = FALSE
	EndGlobalSection
	GlobalSection(ExtensibilityGlobals) = postSolution
		SolutionGuid = {C0034311-7F76-4616-96BE-80E5357AFBC4}
	EndGlobalSection
EndGlobal
