
Microsoft Visual Studio Solution File, Format Version 12.00
# Visual Studio Version 16
VisualStudioVersion = 16.0.29306.81
MinimumVisualStudioVersion = 10.0.40219.1
Project("{FAE04EC0-301F-11D3-BF4B-00C04F79EFBC}") = "file_project", "file_project.csproj", "{E9655A6E-74B9-45F2-9179-E1B196B203EE}"
EndProject
Global
	GlobalSection(SolutionConfigurationPlatforms) = preSolution
		Debug|Any CPU = Debug|Any CPU
		Release|Any CPU = Release|Any CPU
	EndGlobalSection
	GlobalSection(ProjectConfigurationPlatforms) = postSolution
		{E9655A6E-74B9-45F2-9179-E1B196B203EE}.Debug|Any CPU.ActiveCfg = Debug|Any CPU
		{E9655A6E-74B9-45F2-9179-E1B196B203EE}.Debug|Any CPU.Build.0 = Debug|Any CPU
		{E9655A6E-74B9-45F2-9179-E1B196B203EE}.Release|Any CPU.ActiveCfg = Release|Any CPU
		{E9655A6E-74B9-45F2-9179-E1B196B203EE}.Release|Any CPU.Build.0 = Release|Any CPU
	EndGlobalSection
	GlobalSection(SolutionProperties) = preSolution
		HideSolutionNode = FALSE
	EndGlobalSection
	GlobalSection(ExtensibilityGlobals) = postSolution
		SolutionGuid = {47469A76-E163-48D4-A701-F16CF978F229}
	EndGlobalSection
EndGlobal
